
Microsoft Visual Studio Solution File, Format Version 12.00
# Visual Studio Version 17
VisualStudioVersion = 17.5.33530.505
MinimumVisualStudioVersion = 10.0.40219.1
Project("{FAE04EC0-301F-11D3-BF4B-00C04F79EFBC}") = "Sudoku", "Sudoku\Sudoku.csproj", "{570DE344-3774-4530-9A75-C4075E80C9E5}"
EndProject
Global
	GlobalSection(SolutionConfigurationPlatforms) = preSolution
		Debug|Any CPU = Debug|Any CPU
		Release|Any CPU = Release|Any CPU
	EndGlobalSection
	GlobalSection(ProjectConfigurationPlatforms) = postSolution
		{570DE344-3774-4530-9A75-C4075E80C9E5}.Debug|Any CPU.ActiveCfg = Debug|Any CPU
		{570DE344-3774-4530-9A75-C4075E80C9E5}.Debug|Any CPU.Build.0 = Debug|Any CPU
		{570DE344-3774-4530-9A75-C4075E80C9E5}.Release|Any CPU.ActiveCfg = Release|Any CPU
		{570DE344-3774-4530-9A75-C4075E80C9E5}.Release|Any CPU.Build.0 = Release|Any CPU
	EndGlobalSection
	GlobalSection(SolutionProperties) = preSolution
		HideSolutionNode = FALSE
	EndGlobalSection
	GlobalSection(ExtensibilityGlobals) = postSolution
		SolutionGuid = {40FAF227-15C3-49C1-BAD4-9F3A7D9956B2}
	EndGlobalSection
EndGlobal
